
Microsoft Visual Studio Solution File, Format Version 12.00
# Visual Studio Version 16
VisualStudioVersion = 16.0.32228.343
MinimumVisualStudioVersion = 10.0.40219.1
Project("{FAE04EC0-301F-11D3-BF4B-00C04F79EFBC}") = "XUnitConsole", "XUnitConsole.csproj", "{1E95C78B-93E1-49D7-82EE-32CA41712142}"
EndProject
Project("{FAE04EC0-301F-11D3-BF4B-00C04F79EFBC}") = "XUnit.Test", "XUnit.Test\XUnit.Test.csproj", "{7C8E06C9-4DD4-4255-897C-C8B236211811}"
EndProject
Global
	GlobalSection(SolutionConfigurationPlatforms) = preSolution
		Debug|Any CPU = Debug|Any CPU
		Release|Any CPU = Release|Any CPU
	EndGlobalSection
	GlobalSection(ProjectConfigurationPlatforms) = postSolution
		{1E95C78B-93E1-49D7-82EE-32CA41712142}.Debug|Any CPU.ActiveCfg = Debug|Any CPU
		{1E95C78B-93E1-49D7-82EE-32CA41712142}.Debug|Any CPU.Build.0 = Debug|Any CPU
		{1E95C78B-93E1-49D7-82EE-32CA41712142}.Release|Any CPU.ActiveCfg = Release|Any CPU
		{1E95C78B-93E1-49D7-82EE-32CA41712142}.Release|Any CPU.Build.0 = Release|Any CPU
		{7C8E06C9-4DD4-4255-897C-C8B236211811}.Debug|Any CPU.ActiveCfg = Debug|Any CPU
		{7C8E06C9-4DD4-4255-897C-C8B236211811}.Debug|Any CPU.Build.0 = Debug|Any CPU
		{7C8E06C9-4DD4-4255-897C-C8B236211811}.Release|Any CPU.ActiveCfg = Release|Any CPU
		{7C8E06C9-4DD4-4255-897C-C8B236211811}.Release|Any CPU.Build.0 = Release|Any CPU
	EndGlobalSection
	GlobalSection(SolutionProperties) = preSolution
		HideSolutionNode = FALSE
	EndGlobalSection
	GlobalSection(ExtensibilityGlobals) = postSolution
		SolutionGuid = {33853FCF-FB47-478A-BDED-65FA3C2453F1}
	EndGlobalSection
EndGlobal
